<?xml version="1.0" encoding="utf-8"?>
<Project ToolsVersion="4.0" xmlns="http://schemas.microsoft.com/developer/msbuild/2003">
  <ItemGroup>
    <Filter Include="资源文件">
      <UniqueIdentifier>{67DA6AB6-F800-4c08-8B7A-83BB121AAD01}</UniqueIdentifier>
      <Extensions>rc;ico;cur;bmp;dlg;rc2;rct;bin;rgs;gif;jpg;jpeg;jpe;resx;tiff;tif;png;wav;mfcribbon-ms</Extensions>
    </Filter>
    <Filter Include="AppLication">
      <UniqueIdentifier>{c3196e4f-624f-4f3e-b970-5f8c1160cf8e}</UniqueIdentifier>
    </Filter>
    <Filter Include="Config">
      <UniqueIdentifier>{0c977188-124e-4c8b-a289-fb4319435a36}</UniqueIdentifier>
    </Filter>
    <Filter Include="Graphics">
      <UniqueIdentifier>{6d5d06da-e231-4bdd-8f93-4d85f8a0a508}</UniqueIdentifier>
    </Filter>
    <Filter Include="Input">
      <UniqueIdentifier>{d9636daa-0474-47b5-9969-98e3d2602164}</UniqueIdentifier>
    </Filter>
    <Filter Include="Window">
      <UniqueIdentifier>{123a1974-634d-4797-a518-759bf6c5abde}</UniqueIdentifier>
    </Filter>
  </ItemGroup>
  <ItemGroup>
    <ClCompile Include="application.cpp">
      <Filter>AppLication</Filter>
    </ClCompile>
    <ClCompile Include="GraphicsLayer.cpp">
      <Filter>Graphics</Filter>
    </ClCompile>
    <ClCompile Include="InputLayer.cpp">
      <Filter>Input</Filter>
    </ClCompile>
    <ClCompile Include="Keyboard.cpp">
      <Filter>Input</Filter>
    </ClCompile>
    <ClCompile Include="Mouse.cpp">
      <Filter>Input</Filter>
    </ClCompile>
    <ClCompile Include="Window.cpp">
      <Filter>Window</Filter>
    </ClCompile>
  </ItemGroup>
  <ItemGroup>
    <ClInclude Include="..\..\Include\GRAPHIC\application.h">
      <Filter>AppLication</Filter>
    </ClInclude>
    <ClInclude Include="..\..\Include\GRAPHIC\config.h">
      <Filter>Config</Filter>
    </ClInclude>
    <ClInclude Include="..\..\Include\GRAPHIC\const.h">
      <Filter>Graphics</Filter>
    </ClInclude>
    <ClInclude Include="..\..\Include\GRAPHIC\DXhelper.h">
      <Filter>Graphics</Filter>
    </ClInclude>
    <ClInclude Include="..\..\Include\GRAPHIC\GraphicsLayer.h">
      <Filter>Graphics</Filter>
    </ClInclude>
    <ClInclude Include="..\..\Include\GRAPHIC\InputLayer.h">
      <Filter>Input</Filter>
    </ClInclude>
    <ClInclude Include="..\..\Include\GRAPHIC\Keyboard.h">
      <Filter>Input</Filter>
    </ClInclude>
    <ClInclude Include="..\..\Include\GRAPHIC\Mouse.h">
      <Filter>Input</Filter>
    </ClInclude>
    <ClInclude Include="..\..\Include\GRAPHIC\Window.h">
      <Filter>Window</Filter>
    </ClInclude>
  </ItemGroup>
</Project>